
Microsoft Visual Studio Solution File, Format Version 12.00
# Visual Studio 15
VisualStudioVersion = 15.0.28307.1972
MinimumVisualStudioVersion = 10.0.40219.1
Project("{FAE04EC0-301F-11D3-BF4B-00C04F79EFBC}") = "MyMVCProject.Web", "MyMVCProject.Web\MyMVCProject.Web.csproj", "{2F8D9129-9038-4F6C-B2AF-3FBB4CE37183}"
EndProject
Global
	GlobalSection(SolutionConfigurationPlatforms) = preSolution
		Debug|Any CPU = Debug|Any CPU
		Release|Any CPU = Release|Any CPU
	EndGlobalSection
	GlobalSection(ProjectConfigurationPlatforms) = postSolution
		{2F8D9129-9038-4F6C-B2AF-3FBB4CE37183}.Debug|Any CPU.ActiveCfg = Debug|Any CPU
		{2F8D9129-9038-4F6C-B2AF-3FBB4CE37183}.Debug|Any CPU.Build.0 = Debug|Any CPU
		{2F8D9129-9038-4F6C-B2AF-3FBB4CE37183}.Release|Any CPU.ActiveCfg = Release|Any CPU
		{2F8D9129-9038-4F6C-B2AF-3FBB4CE37183}.Release|Any CPU.Build.0 = Release|Any CPU
	EndGlobalSection
	GlobalSection(SolutionProperties) = preSolution
		HideSolutionNode = FALSE
	EndGlobalSection
	GlobalSection(ExtensibilityGlobals) = postSolution
		SolutionGuid = {B19EC52D-B487-4724-AA45-202038BF5AEE}
	EndGlobalSection
EndGlobal
